
Microsoft Visual Studio Solution File, Format Version 12.00
# Visual Studio Version 17
VisualStudioVersion = 17.6.33815.320
MinimumVisualStudioVersion = 10.0.40219.1
Project("{FAE04EC0-301F-11D3-BF4B-00C04F79EFBC}") = "CsvApp.Service", "CsvApp.Service\CsvApp.Service.csproj", "{2EA0EAAF-C17E-45FE-88D1-1C2DBFFB501E}"
EndProject
Global
	GlobalSection(SolutionConfigurationPlatforms) = preSolution
		Debug|Any CPU = Debug|Any CPU
		Release|Any CPU = Release|Any CPU
	EndGlobalSection
	GlobalSection(ProjectConfigurationPlatforms) = postSolution
		{2EA0EAAF-C17E-45FE-88D1-1C2DBFFB501E}.Debug|Any CPU.ActiveCfg = Debug|Any CPU
		{2EA0EAAF-C17E-45FE-88D1-1C2DBFFB501E}.Debug|Any CPU.Build.0 = Debug|Any CPU
		{2EA0EAAF-C17E-45FE-88D1-1C2DBFFB501E}.Release|Any CPU.ActiveCfg = Release|Any CPU
		{2EA0EAAF-C17E-45FE-88D1-1C2DBFFB501E}.Release|Any CPU.Build.0 = Release|Any CPU
	EndGlobalSection
	GlobalSection(SolutionProperties) = preSolution
		HideSolutionNode = FALSE
	EndGlobalSection
	GlobalSection(ExtensibilityGlobals) = postSolution
		SolutionGuid = {05888491-FA1E-4CDB-BD2C-FC9B71832F99}
	EndGlobalSection
EndGlobal
